// !$*UTF8*$!
{
	archiveVersion = 1;
	classes = {
	};
	objectVersion = 50;
	objects = {

/* Begin PBXBuildFile section */
		7AC4785725C4D98E0017B9E7 /* AppDelegate.swift in Sources */ = {isa = PBXBuildFile; fileRef = 7AC4785625C4D98E0017B9E7 /* AppDelegate.swift */; };
		7AC4785925C4D98E0017B9E7 /* SceneDelegate.swift in Sources */ = {isa = PBXBuildFile; fileRef = 7AC4785825C4D98E0017B9E7 /* SceneDelegate.swift */; };
		7AC4785B25C4D98E0017B9E7 /* ViewController.swift in Sources */ = {isa = PBXBuildFile; fileRef = 7AC4785A25C4D98E0017B9E7 /* ViewController.swift */; };
		7AC4785E25C4D98E0017B9E7 /* Main.storyboard in Resources */ = {isa = PBXBuildFile; fileRef = 7AC4785C25C4D98E0017B9E7 /* Main.storyboard */; };
		7AC4786025C4D98F0017B9E7 /* Assets.xcassets in Resources */ = {isa = PBXBuildFile; fileRef = 7AC4785F25C4D98F0017B9E7 /* Assets.xcassets */; };
		7AC4786325C4D98F0017B9E7 /* LaunchScreen.storyboard in Resources */ = {isa = PBXBuildFile; fileRef = 7AC4786125C4D98F0017B9E7 /* LaunchScreen.storyboard */; };
		7AC4786E25C4D9900017B9E7 /* preworkTests.swift in Sources */ = {isa = PBXBuildFile; fileRef = 7AC4786D25C4D9900017B9E7 /* preworkTests.swift */; };
		7AC4787925C4D9900017B9E7 /* preworkUITests.swift in Sources */ = {isa = PBXBuildFile; fileRef = 7AC4787825C4D9900017B9E7 /* preworkUITests.swift */; };
/* End PBXBuildFile section */

/* Begin PBXContainerItemProxy section */
		7AC4786A25C4D9900017B9E7 /* PBXContainerItemProxy */ = {
			isa = PBXContainerItemProxy;
			containerPortal = 7AC4784B25C4D98D0017B9E7 /* Project object */;
			proxyType = 1;
			remoteGlobalIDString = 7AC4785225C4D98D0017B9E7;
			remoteInfo = prework;
		};
		7AC4787525C4D9900017B9E7 /* PBXContainerItemProxy */ = {
			isa = PBXContainerItemProxy;
			containerPortal = 7AC4784B25C4D98D0017B9E7 /* Project object */;
			proxyType = 1;
			remoteGlobalIDString = 7AC4785225C4D98D0017B9E7;
			remoteInfo = prework;
		};
/* End PBXContainerItemProxy section */

/* Begin PBXFileReference section */
		7AC4785325C4D98E0017B9E7 /* prework.app */ = {isa = PBXFileReference; explicitFileType = wrapper.application; includeInIndex = 0; path = prework.app; sourceTree = BUILT_PRODUCTS_DIR; };
		7AC4785625C4D98E0017B9E7 /* AppDelegate.swift */ = {isa = PBXFileReference; lastKnownFileType = sourcecode.swift; path = AppDelegate.swift; sourceTree = "<group>"; };
		7AC4785825C4D98E0017B9E7 /* SceneDelegate.swift */ = {isa = PBXFileReference; lastKnownFileType = sourcecode.swift; path = SceneDelegate.swift; sourceTree = "<group>"; };
		7AC4785A25C4D98E0017B9E7 /* ViewController.swift */ = {isa = PBXFileReference; lastKnownFileType = sourcecode.swift; path = ViewController.swift; sourceTree = "<group>"; };
		7AC4785D25C4D98E0017B9E7 /* Base */ = {isa = PBXFileReference; lastKnownFileType = file.storyboard; name = Base; path = Base.lproj/Main.storyboard; sourceTree = "<group>"; };
		7AC4785F25C4D98F0017B9E7 /* Assets.xcassets */ = {isa = PBXFileReference; lastKnownFileType = folder.assetcatalog; path = Assets.xcassets; sourceTree = "<group>"; };
		7AC4786225C4D98F0017B9E7 /* Base */ = {isa = PBXFileReference; lastKnownFileType = file.storyboard; name = Base; path = Base.lproj/LaunchScreen.storyboard; sourceTree = "<group>"; };
		7AC4786425C4D98F0017B9E7 /* Info.plist */ = {isa = PBXFileReference; lastKnownFileType = text.plist.xml; path = Info.plist; sourceTree = "<group>"; };
		7AC4786925C4D9900017B9E7 /* preworkTests.xctest */ = {isa = PBXFileReference; explicitFileType = wrapper.cfbundle; includeInIndex = 0; path = preworkTests.xctest; sourceTree = BUILT_PRODUCTS_DIR; };
		7AC4786D25C4D9900017B9E7 /* preworkTests.swift */ = {isa = PBXFileReference; lastKnownFileType = sourcecode.swift; path = preworkTests.swift; sourceTree = "<group>"; };
		7AC4786F25C4D9900017B9E7 /* Info.plist */ = {isa = PBXFileReference; lastKnownFileType = text.plist.xml; path = Info.plist; sourceTree = "<group>"; };
		7AC4787425C4D9900017B9E7 /* preworkUITests.xctest */ = {isa = PBXFileReference; explicitFileType = wrapper.cfbundle; includeInIndex = 0; path = preworkUITests.xctest; sourceTree = BUILT_PRODUCTS_DIR; };
		7AC4787825C4D9900017B9E7 /* preworkUITests.swift */ = {isa = PBXFileReference; lastKnownFileType = sourcecode.swift; path = preworkUITests.swift; sourceTree = "<group>"; };
		7AC4787A25C4D9900017B9E7 /* Info.plist */ = {isa = PBXFileReference; lastKnownFileType = text.plist.xml; path = Info.plist; sourceTree = "<group>"; };
/* End PBXFileReference section */

/* Begin PBXFrameworksBuildPhase section */
		7AC4785025C4D98D0017B9E7 /* Frameworks */ = {
			isa = PBXFrameworksBuildPhase;
			buildActionMask = 2147483647;
			files = (
			);
			runOnlyForDeploymentPostprocessing = 0;
		};
		7AC4786625C4D9900017B9E7 /* Frameworks */ = {
			isa = PBXFrameworksBuildPhase;
			buildActionMask = 2147483647;
			files = (
			);
			runOnlyForDeploymentPostprocessing = 0;
		};
		7AC4787125C4D9900017B9E7 /* Frameworks */ = {
			isa = PBXFrameworksBuildPhase;
			buildActionMask = 2147483647;
			files = (
			);
			runOnlyForDeploymentPostprocessing = 0;
		};
/* End PBXFrameworksBuildPhase section */

/* Begin PBXGroup section */
		7AC4784A25C4D98D0017B9E7 = {
			isa = PBXGroup;
			children = (
				7AC4785525C4D98E0017B9E7 /* prework */,
				7AC4786C25C4D9900017B9E7 /* preworkTests */,
				7AC4787725C4D9900017B9E7 /* preworkUITests */,
				7AC4785425C4D98E0017B9E7 /* Products */,
			);
			sourceTree = "<group>";
		};
		7AC4785425C4D98E0017B9E7 /* Products */ = {
			isa = PBXGroup;
			children = (
				7AC4785325C4D98E0017B9E7 /* prework.app */,
				7AC4786925C4D9900017B9E7 /* preworkTests.xctest */,
				7AC4787425C4D9900017B9E7 /* preworkUITests.xctest */,
			);
			name = Products;
			sourceTree = "<group>";
		};
		7AC4785525C4D98E0017B9E7 /* prework */ = {
			isa = PBXGroup;
			children = (
				7AC4785625C4D98E0017B9E7 /* AppDelegate.swift */,
				7AC4785825C4D98E0017B9E7 /* SceneDelegate.swift */,
				7AC4785A25C4D98E0017B9E7 /* ViewController.swift */,
				7AC4785C25C4D98E0017B9E7 /* Main.storyboard */,
				7AC4785F25C4D98F0017B9E7 /* Assets.xcassets */,
				7AC4786125C4D98F0017B9E7 /* LaunchScreen.storyboard */,
				7AC4786425C4D98F0017B9E7 /* Info.plist */,
			);
			path = prework;
			sourceTree = "<group>";
		};
		7AC4786C25C4D9900017B9E7 /* preworkTests */ = {
			isa = PBXGroup;
			children = (
				7AC4786D25C4D9900017B9E7 /* preworkTests.swift */,
				7AC4786F25C4D9900017B9E7 /* Info.plist */,
			);
			path = preworkTests;
			sourceTree = "<group>";
		};
		7AC4787725C4D9900017B9E7 /* preworkUITests */ = {
			isa = PBXGroup;
			children = (
				7AC4787825C4D9900017B9E7 /* preworkUITests.swift */,
				7AC4787A25C4D9900017B9E7 /* Info.plist */,
			);
			path = preworkUITests;
			sourceTree = "<group>";
		};
/* End PBXGroup section */

/* Begin PBXNativeTarget section */
		7AC4785225C4D98D0017B9E7 /* prework */ = {
			isa = PBXNativeTarget;
			buildConfigurationList = 7AC4787D25C4D9900017B9E7 /* Build configuration list for PBXNativeTarget "prework" */;
			buildPhases = (
				7AC4784F25C4D98D0017B9E7 /* Sources */,
				7AC4785025C4D98D0017B9E7 /* Frameworks */,
				7AC4785125C4D98D0017B9E7 /* Resources */,
			);
			buildRules = (
			);
			dependencies = (
			);
			name = prework;
			productName = prework;
			productReference = 7AC4785325C4D98E0017B9E7 /* prework.app */;
			productType = "com.apple.product-type.application";
		};
		7AC4786825C4D9900017B9E7 /* preworkTests */ = {
			isa = PBXNativeTarget;
			buildConfigurationList = 7AC4788025C4D9900017B9E7 /* Build configuration list for PBXNativeTarget "preworkTests" */;
			buildPhases = (
				7AC4786525C4D9900017B9E7 /* Sources */,
				7AC4786625C4D9900017B9E7 /* Frameworks */,
				7AC4786725C4D9900017B9E7 /* Resources */,
			);
			buildRules = (
			);
			dependencies = (
				7AC4786B25C4D9900017B9E7 /* PBXTargetDependency */,
			);
			name = preworkTests;
			productName = preworkTests;
			productReference = 7AC4786925C4D9900017B9E7 /* preworkTests.xctest */;
			productType = "com.apple.product-type.bundle.unit-test";
		};
		7AC4787325C4D9900017B9E7 /* preworkUITests */ = {
			isa = PBXNativeTarget;
			buildConfigurationList = 7AC4788325C4D9900017B9E7 /* Build configuration list for PBXNativeTarget "preworkUITests" */;
			buildPhases = (
				7AC4787025C4D9900017B9E7 /* Sources */,
				7AC4787125C4D9900017B9E7 /* Frameworks */,
				7AC4787225C4D9900017B9E7 /* Resources */,
			);
			buildRules = (
			);
			dependencies = (
				7AC4787625C4D9900017B9E7 /* PBXTargetDependency */,
			);
			name = preworkUITests;
			productName = preworkUITests;
			productReference = 7AC4787425C4D9900017B9E7 /* preworkUITests.xctest */;
			productType = "com.apple.product-type.bundle.ui-testing";
		};
/* End PBXNativeTarget section */

/* Begin PBXProject section */
		7AC4784B25C4D98D0017B9E7 /* Project object */ = {
			isa = PBXProject;
			attributes = {
				LastSwiftUpdateCheck = 1240;
				LastUpgradeCheck = 1240;
				TargetAttributes = {
					7AC4785225C4D98D0017B9E7 = {
						CreatedOnToolsVersion = 12.4;
					};
					7AC4786825C4D9900017B9E7 = {
						CreatedOnToolsVersion = 12.4;
						TestTargetID = 7AC4785225C4D98D0017B9E7;
					};
					7AC4787325C4D9900017B9E7 = {
						CreatedOnToolsVersion = 12.4;
						TestTargetID = 7AC4785225C4D98D0017B9E7;
					};
				};
			};
			buildConfigurationList = 7AC4784E25C4D98D0017B9E7 /* Build configuration list for PBXProject "prework" */;
			compatibilityVersion = "Xcode 9.3";
			developmentRegion = en;
			hasScannedForEncodings = 0;
			knownRegions = (
				en,
				Base,
			);
			mainGroup = 7AC4784A25C4D98D0017B9E7;
			productRefGroup = 7AC4785425C4D98E0017B9E7 /* Products */;
			projectDirPath = "";
			projectRoot = "";
			targets = (
				7AC4785225C4D98D0017B9E7 /* prework */,
				7AC4786825C4D9900017B9E7 /* preworkTests */,
				7AC4787325C4D9900017B9E7 /* preworkUITests */,
			);
		};
/* End PBXProject section */

/* Begin PBXResourcesBuildPhase section */
		7AC4785125C4D98D0017B9E7 /* Resources */ = {
			isa = PBXResourcesBuildPhase;
			buildActionMask = 2147483647;
			files = (
				7AC4786325C4D98F0017B9E7 /* LaunchScreen.storyboard in Resources */,
				7AC4786025C4D98F0017B9E7 /* Assets.xcassets in Resources */,
				7AC4785E25C4D98E0017B9E7 /* Main.storyboard in Resources */,
			);
			runOnlyForDeploymentPostprocessing = 0;
		};
		7AC4786725C4D9900017B9E7 /* Resources */ = {
			isa = PBXResourcesBuildPhase;
			buildActionMask = 2147483647;
			files = (
			);
			runOnlyForDeploymentPostprocessing = 0;
		};
		7AC4787225C4D9900017B9E7 /* Resources */ = {
			isa = PBXResourcesBuildPhase;
			buildActionMask = 2147483647;
			files = (
			);
			runOnlyForDeploymentPostprocessing = 0;
		};
/* End PBXResourcesBuildPhase section */

/* Begin PBXSourcesBuildPhase section */
		7AC4784F25C4D98D0017B9E7 /* Sources */ = {
			isa = PBXSourcesBuildPhase;
			buildActionMask = 2147483647;
			files = (
				7AC4785B25C4D98E0017B9E7 /* ViewController.swift in Sources */,
				7AC4785725C4D98E0017B9E7 /* AppDelegate.swift in Sources */,
				7AC4785925C4D98E0017B9E7 /* SceneDelegate.swift in Sources */,
			);
			runOnlyForDeploymentPostprocessing = 0;
		};
		7AC4786525C4D9900017B9E7 /* Sources */ = {
			isa = PBXSourcesBuildPhase;
			buildActionMask = 2147483647;
			files = (
				7AC4786E25C4D9900017B9E7 /* preworkTests.swift in Sources */,
			);
			runOnlyForDeploymentPostprocessing = 0;
		};
		7AC4787025C4D9900017B9E7 /* Sources */ = {
			isa = PBXSourcesBuildPhase;
			buildActionMask = 2147483647;
			files = (
				7AC4787925C4D9900017B9E7 /* preworkUITests.swift in Sources */,
			);
			runOnlyForDeploymentPostprocessing = 0;
		};
/* End PBXSourcesBuildPhase section */

/* Begin PBXTargetDependency section */
		7AC4786B25C4D9900017B9E7 /* PBXTargetDependency */ = {
			isa = PBXTargetDependency;
			target = 7AC4785225C4D98D0017B9E7 /* prework */;
			targetProxy = 7AC4786A25C4D9900017B9E7 /* PBXContainerItemProxy */;
		};
		7AC4787625C4D9900017B9E7 /* PBXTargetDependency */ = {
			isa = PBXTargetDependency;
			target = 7AC4785225C4D98D0017B9E7 /* prework */;
			targetProxy = 7AC4787525C4D9900017B9E7 /* PBXContainerItemProxy */;
		};
/* End PBXTargetDependency section */

/* Begin PBXVariantGroup section */
		7AC4785C25C4D98E0017B9E7 /* Main.storyboard */ = {
			isa = PBXVariantGroup;
			children = (
				7AC4785D25C4D98E0017B9E7 /* Base */,
			);
			name = Main.storyboard;
			sourceTree = "<group>";
		};
		7AC4786125C4D98F0017B9E7 /* LaunchScreen.storyboard */ = {
			isa = PBXVariantGroup;
			children = (
				7AC4786225C4D98F0017B9E7 /* Base */,
			);
			name = LaunchScreen.storyboard;
			sourceTree = "<group>";
		};
/* End PBXVariantGroup section */

/* Begin XCBuildConfiguration section */
		7AC4787B25C4D9900017B9E7 /* Debug */ = {
			isa = XCBuildConfiguration;
			buildSettings = {
				ALWAYS_SEARCH_USER_PATHS = NO;
				CLANG_ANALYZER_NONNULL = YES;
				CLANG_ANALYZER_NUMBER_OBJECT_CONVERSION = YES_AGGRESSIVE;
				CLANG_CXX_LANGUAGE_STANDARD = "gnu++14";
				CLANG_CXX_LIBRARY = "libc++";
				CLANG_ENABLE_MODULES = YES;
				CLANG_ENABLE_OBJC_ARC = YES;
				CLANG_ENABLE_OBJC_WEAK = YES;
				CLANG_WARN_BLOCK_CAPTURE_AUTORELEASING = YES;
				CLANG_WARN_BOOL_CONVERSION = YES;
				CLANG_WARN_COMMA = YES;
				CLANG_WARN_CONSTANT_CONVERSION = YES;
				CLANG_WARN_DEPRECATED_OBJC_IMPLEMENTATIONS = YES;
				CLANG_WARN_DIRECT_OBJC_ISA_USAGE = YES_ERROR;
				CLANG_WARN_DOCUMENTATION_COMMENTS = YES;
				CLANG_WARN_EMPTY_BODY = YES;
				CLANG_WARN_ENUM_CONVERSION = YES;
				CLANG_WARN_INFINITE_RECURSION = YES;
				CLANG_WARN_INT_CONVERSION = YES;
				CLANG_WARN_NON_LITERAL_NULL_CONVERSION = YES;
				CLANG_WARN_OBJC_IMPLICIT_RETAIN_SELF = YES;
				CLANG_WARN_OBJC_LITERAL_CONVERSION = YES;
				CLANG_WARN_OBJC_ROOT_CLASS = YES_ERROR;
				CLANG_WARN_QUOTED_INCLUDE_IN_FRAMEWORK_HEADER = YES;
				CLANG_WARN_RANGE_LOOP_ANALYSIS = YES;
				CLANG_WARN_STRICT_PROTOTYPES = YES;
				CLANG_WARN_SUSPICIOUS_MOVE = YES;
				CLANG_WARN_UNGUARDED_AVAILABILITY = YES_AGGRESSIVE;
				CLANG_WARN_UNREACHABLE_CODE = YES;
				CLANG_WARN__DUPLICATE_METHOD_MATCH = YES;
				COPY_PHASE_STRIP = NO;
				DEBUG_INFORMATION_FORMAT = dwarf;
				ENABLE_STRICT_OBJC_MSGSEND = YES;
				ENABLE_TESTABILITY = YES;
				GCC_C_LANGUAGE_STANDARD = gnu11;
				GCC_DYNAMIC_NO_PIC = NO;
				GCC_NO_COMMON_BLOCKS = YES;
				GCC_OPTIMIZATION_LEVEL = 0;
				GCC_PREPROCESSOR_DEFINITIONS = (
					"DEBUG=1",
					"$(inherited)",
				);
				GCC_WARN_64_TO_32_BIT_CONVERSION = YES;
				GCC_WARN_ABOUT_RETURN_TYPE = YES_ERROR;
				GCC_WARN_UNDECLARED_SELECTOR = YES;
				GCC_WARN_UNINITIALIZED_AUTOS = YES_AGGRESSIVE;
				GCC_WARN_UNUSED_FUNCTION = YES;
				GCC_WARN_UNUSED_VARIABLE = YES;
				IPHONEOS_DEPLOYMENT_TARGET = 14.4;
				MTL_ENABLE_DEBUG_INFO = INCLUDE_SOURCE;
				MTL_FAST_MATH = YES;
				ONLY_ACTIVE_ARCH = YES;
				SDKROOT = iphoneos;
				SWIFT_ACTIVE_COMPILATION_CONDITIONS = DEBUG;
				SWIFT_OPTIMIZATION_LEVEL = "-Onone";
			};
			name = Debug;
		};
		7AC4787C25C4D9900017B9E7 /* Release */ = {
			isa = XCBuildConfiguration;
			buildSettings = {
				ALWAYS_SEARCH_USER_PATHS = NO;
				CLANG_ANALYZER_NONNULL = YES;
				CLANG_ANALYZER_NUMBER_OBJECT_CONVERSION = YES_AGGRESSIVE;
				CLANG_CXX_LANGUAGE_STANDARD = "gnu++14";
				CLANG_CXX_LIBRARY = "libc++";
				CLANG_ENABLE_MODULES = YES;
				CLANG_ENABLE_OBJC_ARC = YES;
				CLANG_ENABLE_OBJC_WEAK = YES;
				CLANG_WARN_BLOCK_CAPTURE_AUTORELEASING = YES;
				CLANG_WARN_BOOL_CONVERSION = YES;
				CLANG_WARN_COMMA = YES;
				CLANG_WARN_CONSTANT_CONVERSION = YES;
				CLANG_WARN_DEPRECATED_OBJC_IMPLEMENTATIONS = YES;
				CLANG_WARN_DIRECT_OBJC_ISA_USAGE = YES_ERROR;
				CLANG_WARN_DOCUMENTATION_COMMENTS = YES;
				CLANG_WARN_EMPTY_BODY = YES;
				CLANG_WARN_ENUM_CONVERSION = YES;
				CLANG_WARN_INFINITE_RECURSION = YES;
				CLANG_WARN_INT_CONVERSION = YES;
				CLANG_WARN_NON_LITERAL_NULL_CONVERSION = YES;
				CLANG_WARN_OBJC_IMPLICIT_RETAIN_SELF = YES;
				CLANG_WARN_OBJC_LITERAL_CONVERSION = YES;
				CLANG_WARN_OBJC_ROOT_CLASS = YES_ERROR;
				CLANG_WARN_QUOTED_INCLUDE_IN_FRAMEWORK_HEADER = YES;
				CLANG_WARN_RANGE_LOOP_ANALYSIS = YES;
				CLANG_WARN_STRICT_PROTOTYPES = YES;
				CLANG_WARN_SUSPICIOUS_MOVE = YES;
				CLANG_WARN_UNGUARDED_AVAILABILITY = YES_AGGRESSIVE;
				CLANG_WARN_UNREACHABLE_CODE = YES;
				CLANG_WARN__DUPLICATE_METHOD_MATCH = YES;
				COPY_PHASE_STRIP = NO;
				DEBUG_INFORMATION_FORMAT = "dwarf-with-dsym";
				ENABLE_NS_ASSERTIONS = NO;
				ENABLE_STRICT_OBJC_MSGSEND = YES;
				GCC_C_LANGUAGE_STANDARD = gnu11;
				GCC_NO_COMMON_BLOCKS = YES;
				GCC_WARN_64_TO_32_BIT_CONVERSION = YES;
				GCC_WARN_ABOUT_RETURN_TYPE = YES_ERROR;
				GCC_WARN_UNDECLARED_SELECTOR = YES;
				GCC_WARN_UNINITIALIZED_AUTOS = YES_AGGRESSIVE;
				GCC_WARN_UNUSED_FUNCTION = YES;
				GCC_WARN_UNUSED_VARIABLE = YES;
				IPHONEOS_DEPLOYMENT_TARGET = 14.4;
				MTL_ENABLE_DEBUG_INFO = NO;
				MTL_FAST_MATH = YES;
				SDKROOT = iphoneos;
				SWIFT_COMPILATION_MODE = wholemodule;
				SWIFT_OPTIMIZATION_LEVEL = "-O";
				VALIDATE_PRODUCT = YES;
			};
			name = Release;
		};
		7AC4787E25C4D9900017B9E7 /* Debug */ = {
			isa = XCBuildConfiguration;
			buildSettings = {
				ASSETCATALOG_COMPILER_APPICON_NAME = AppIcon;
				ASSETCATALOG_COMPILER_GLOBAL_ACCENT_COLOR_NAME = AccentColor;
				CODE_SIGN_STYLE = Automatic;
				INFOPLIST_FILE = prework/Info.plist;
				LD_RUNPATH_SEARCH_PATHS = (
					"$(inherited)",
					"@executable_path/Frameworks",
				);
				PRODUCT_BUNDLE_IDENTIFIER = armonbakhtar.prework;
				PRODUCT_NAME = "$(TARGET_NAME)";
				SWIFT_VERSION = 5.0;
				TARGETED_DEVICE_FAMILY = "1,2";
			};
			name = Debug;
		};
		7AC4787F25C4D9900017B9E7 /* Release */ = {
			isa = XCBuildConfiguration;
			buildSettings = {
				ASSETCATALOG_COMPILER_APPICON_NAME = AppIcon;
				ASSETCATALOG_COMPILER_GLOBAL_ACCENT_COLOR_NAME = AccentColor;
				CODE_SIGN_STYLE = Automatic;
				INFOPLIST_FILE = prework/Info.plist;
				LD_RUNPATH_SEARCH_PATHS = (
					"$(inherited)",
					"@executable_path/Frameworks",
				);
				PRODUCT_BUNDLE_IDENTIFIER = armonbakhtar.prework;
				PRODUCT_NAME = "$(TARGET_NAME)";
				SWIFT_VERSION = 5.0;
				TARGETED_DEVICE_FAMILY = "1,2";
			};
			name = Release;
		};
		7AC4788125C4D9900017B9E7 /* Debug */ = {
			isa = XCBuildConfiguration;
			buildSettings = {
				ALWAYS_EMBED_SWIFT_STANDARD_LIBRARIES = YES;
				BUNDLE_LOADER = "$(TEST_HOST)";
				CODE_SIGN_STYLE = Automatic;
				INFOPLIST_FILE = preworkTests/Info.plist;
				IPHONEOS_DEPLOYMENT_TARGET = 14.4;
				LD_RUNPATH_SEARCH_PATHS = (
					"$(inherited)",
					"@executable_path/Frameworks",
					"@loader_path/Frameworks",
				);
				PRODUCT_BUNDLE_IDENTIFIER = armonbakhtar.preworkTests;
				PRODUCT_NAME = "$(TARGET_NAME)";
				SWIFT_VERSION = 5.0;
				TARGETED_DEVICE_FAMILY = "1,2";
				TEST_HOST = "$(BUILT_PRODUCTS_DIR)/prework.app/prework";
			};
			name = Debug;
		};
		7AC4788225C4D9900017B9E7 /* Release */ = {
			isa = XCBuildConfiguration;
			buildSettings = {
				ALWAYS_EMBED_SWIFT_STANDARD_LIBRARIES = YES;
				BUNDLE_LOADER = "$(TEST_HOST)";
				CODE_SIGN_STYLE = Automatic;
				INFOPLIST_FILE = preworkTests/Info.plist;
				IPHONEOS_DEPLOYMENT_TARGET = 14.4;
				LD_RUNPATH_SEARCH_PATHS = (
					"$(inherited)",
					"@executable_path/Frameworks",
					"@loader_path/Frameworks",
				);
				PRODUCT_BUNDLE_IDENTIFIER = armonbakhtar.preworkTests;
				PRODUCT_NAME = "$(TARGET_NAME)";
				SWIFT_VERSION = 5.0;
				TARGETED_DEVICE_FAMILY = "1,2";
				TEST_HOST = "$(BUILT_PRODUCTS_DIR)/prework.app/prework";
			};
			name = Release;
		};
		7AC4788425C4D9900017B9E7 /* Debug */ = {
			isa = XCBuildConfiguration;
			buildSettings = {
				ALWAYS_EMBED_SWIFT_STANDARD_LIBRARIES = YES;
				CODE_SIGN_STYLE = Automatic;
				INFOPLIST_FILE = preworkUITests/Info.plist;
				LD_RUNPATH_SEARCH_PATHS = (
					"$(inherited)",
					"@executable_path/Frameworks",
					"@loader_path/Frameworks",
				);
				PRODUCT_BUNDLE_IDENTIFIER = armonbakhtar.preworkUITests;
				PRODUCT_NAME = "$(TARGET_NAME)";
				SWIFT_VERSION = 5.0;
				TARGETED_DEVICE_FAMILY = "1,2";
				TEST_TARGET_NAME = prework;
			};
			name = Debug;
		};
		7AC4788525C4D9900017B9E7 /* Release */ = {
			isa = XCBuildConfiguration;
			buildSettings = {
				ALWAYS_EMBED_SWIFT_STANDARD_LIBRARIES = YES;
				CODE_SIGN_STYLE = Automatic;
				INFOPLIST_FILE = preworkUITests/Info.plist;
				LD_RUNPATH_SEARCH_PATHS = (
					"$(inherited)",
					"@executable_path/Frameworks",
					"@loader_path/Frameworks",
				);
				PRODUCT_BUNDLE_IDENTIFIER = armonbakhtar.preworkUITests;
				PRODUCT_NAME = "$(TARGET_NAME)";
				SWIFT_VERSION = 5.0;
				TARGETED_DEVICE_FAMILY = "1,2";
				TEST_TARGET_NAME = prework;
			};
			name = Release;
		};
/* End XCBuildConfiguration section */

/* Begin XCConfigurationList section */
		7AC4784E25C4D98D0017B9E7 /* Build configuration list for PBXProject "prework" */ = {
			isa = XCConfigurationList;
			buildConfigurations = (
				7AC4787B25C4D9900017B9E7 /* Debug */,
				7AC4787C25C4D9900017B9E7 /* Release */,
			);
			defaultConfigurationIsVisible = 0;
			defaultConfigurationName = Release;
		};
		7AC4787D25C4D9900017B9E7 /* Build configuration list for PBXNativeTarget "prework" */ = {
			isa = XCConfigurationList;
			buildConfigurations = (
				7AC4787E25C4D9900017B9E7 /* Debug */,
				7AC4787F25C4D9900017B9E7 /* Release */,
			);
			defaultConfigurationIsVisible = 0;
			defaultConfigurationName = Release;
		};
		7AC4788025C4D9900017B9E7 /* Build configuration list for PBXNativeTarget "preworkTests" */ = {
			isa = XCConfigurationList;
			buildConfigurations = (
				7AC4788125C4D9900017B9E7 /* Debug */,
				7AC4788225C4D9900017B9E7 /* Release */,
			);
			defaultConfigurationIsVisible = 0;
			defaultConfigurationName = Release;
		};
		7AC4788325C4D9900017B9E7 /* Build configuration list for PBXNativeTarget "preworkUITests" */ = {
			isa = XCConfigurationList;
			buildConfigurations = (
				7AC4788425C4D9900017B9E7 /* Debug */,
				7AC4788525C4D9900017B9E7 /* Release */,
			);
			defaultConfigurationIsVisible = 0;
			defaultConfigurationName = Release;
		};
/* End XCConfigurationList section */
	};
	rootObject = 7AC4784B25C4D98D0017B9E7 /* Project object */;
}
